
Microsoft Visual Studio Solution File, Format Version 12.00
# Visual Studio Version 17
VisualStudioVersion = 17.7.34031.279
MinimumVisualStudioVersion = 10.0.40219.1
Project("{FAE04EC0-301F-11D3-BF4B-00C04F79EFBC}") = "dziennik", "dziennik\dziennik.csproj", "{C7EE1EF1-76C8-4077-8680-6823A6A46862}"
EndProject
Global
	GlobalSection(SolutionConfigurationPlatforms) = preSolution
		Debug|Any CPU = Debug|Any CPU
		Release|Any CPU = Release|Any CPU
	EndGlobalSection
	GlobalSection(ProjectConfigurationPlatforms) = postSolution
		{C7EE1EF1-76C8-4077-8680-6823A6A46862}.Debug|Any CPU.ActiveCfg = Debug|Any CPU
		{C7EE1EF1-76C8-4077-8680-6823A6A46862}.Debug|Any CPU.Build.0 = Debug|Any CPU
		{C7EE1EF1-76C8-4077-8680-6823A6A46862}.Release|Any CPU.ActiveCfg = Release|Any CPU
		{C7EE1EF1-76C8-4077-8680-6823A6A46862}.Release|Any CPU.Build.0 = Release|Any CPU
	EndGlobalSection
	GlobalSection(SolutionProperties) = preSolution
		HideSolutionNode = FALSE
	EndGlobalSection
	GlobalSection(ExtensibilityGlobals) = postSolution
		SolutionGuid = {3C9972A9-5514-4173-9B74-529E84595179}
	EndGlobalSection
EndGlobal
